
Microsoft Visual Studio Solution File, Format Version 12.00
# Visual Studio Version 17
VisualStudioVersion = 17.8.34525.116
MinimumVisualStudioVersion = 10.0.40219.1
Project("{9A19103F-16F7-4668-BE54-9A1E7A4F7556}") = "NutritionWarriorGateway", "NutritionWarriorGateway\NutritionWarriorGateway.csproj", "{D5032C6B-75E6-45EA-8B95-ECFB140026B1}"
EndProject
Project("{2150E333-8FDC-42A3-9474-1A3956D46DE8}") = "Microservices", "Microservices", "{5C1AF5A9-A6A8-478A-AA47-FEECFFE9505E}"
EndProject
Project("{9A19103F-16F7-4668-BE54-9A1E7A4F7556}") = "NutritionWarriorAuthentication.Api", "NutritionWarriorAuthentication.Api\NutritionWarriorAuthentication.Api.csproj", "{36610318-2E36-4BCA-B021-C4F359A20512}"
EndProject
Project("{9A19103F-16F7-4668-BE54-9A1E7A4F7556}") = "NutritionWarriorAuthentication.Application", "NutritionWarriorAuthentication.Common\NutritionWarriorAuthentication.Application.csproj", "{161FE41A-F231-4AD5-AFCE-C04F7578B6E0}"
EndProject
Project("{2150E333-8FDC-42A3-9474-1A3956D46DE8}") = "Authentication", "Authentication", "{3FCE5B69-1EE5-48DE-89F1-064C6C88DBB1}"
EndProject
Project("{9A19103F-16F7-4668-BE54-9A1E7A4F7556}") = "NutritionWarriorAuthentication.ViewModel", "NutritionWarriorAuthentication.ViewModel\NutritionWarriorAuthentication.ViewModel.csproj", "{D6795BD1-CC61-40CD-A702-429745119B29}"
EndProject
Project("{FAE04EC0-301F-11D3-BF4B-00C04F79EFBC}") = "NutritionWarriorAuthentication.Data", "NutritionWarriorAuthentication.Data\NutritionWarriorAuthentication.Data.csproj", "{4EE088A2-4A50-4C23-B029-FD64833F3F94}"
EndProject
Global
	GlobalSection(SolutionConfigurationPlatforms) = preSolution
		Debug|Any CPU = Debug|Any CPU
		Release|Any CPU = Release|Any CPU
	EndGlobalSection
	GlobalSection(ProjectConfigurationPlatforms) = postSolution
		{D5032C6B-75E6-45EA-8B95-ECFB140026B1}.Debug|Any CPU.ActiveCfg = Debug|Any CPU
		{D5032C6B-75E6-45EA-8B95-ECFB140026B1}.Debug|Any CPU.Build.0 = Debug|Any CPU
		{D5032C6B-75E6-45EA-8B95-ECFB140026B1}.Release|Any CPU.ActiveCfg = Release|Any CPU
		{D5032C6B-75E6-45EA-8B95-ECFB140026B1}.Release|Any CPU.Build.0 = Release|Any CPU
		{36610318-2E36-4BCA-B021-C4F359A20512}.Debug|Any CPU.ActiveCfg = Debug|Any CPU
		{36610318-2E36-4BCA-B021-C4F359A20512}.Debug|Any CPU.Build.0 = Debug|Any CPU
		{36610318-2E36-4BCA-B021-C4F359A20512}.Release|Any CPU.ActiveCfg = Release|Any CPU
		{36610318-2E36-4BCA-B021-C4F359A20512}.Release|Any CPU.Build.0 = Release|Any CPU
		{161FE41A-F231-4AD5-AFCE-C04F7578B6E0}.Debug|Any CPU.ActiveCfg = Debug|Any CPU
		{161FE41A-F231-4AD5-AFCE-C04F7578B6E0}.Debug|Any CPU.Build.0 = Debug|Any CPU
		{161FE41A-F231-4AD5-AFCE-C04F7578B6E0}.Release|Any CPU.ActiveCfg = Release|Any CPU
		{161FE41A-F231-4AD5-AFCE-C04F7578B6E0}.Release|Any CPU.Build.0 = Release|Any CPU
		{D6795BD1-CC61-40CD-A702-429745119B29}.Debug|Any CPU.ActiveCfg = Debug|Any CPU
		{D6795BD1-CC61-40CD-A702-429745119B29}.Debug|Any CPU.Build.0 = Debug|Any CPU
		{D6795BD1-CC61-40CD-A702-429745119B29}.Release|Any CPU.ActiveCfg = Release|Any CPU
		{D6795BD1-CC61-40CD-A702-429745119B29}.Release|Any CPU.Build.0 = Release|Any CPU
		{4EE088A2-4A50-4C23-B029-FD64833F3F94}.Debug|Any CPU.ActiveCfg = Debug|Any CPU
		{4EE088A2-4A50-4C23-B029-FD64833F3F94}.Debug|Any CPU.Build.0 = Debug|Any CPU
		{4EE088A2-4A50-4C23-B029-FD64833F3F94}.Release|Any CPU.ActiveCfg = Release|Any CPU
		{4EE088A2-4A50-4C23-B029-FD64833F3F94}.Release|Any CPU.Build.0 = Release|Any CPU
	EndGlobalSection
	GlobalSection(SolutionProperties) = preSolution
		HideSolutionNode = FALSE
	EndGlobalSection
	GlobalSection(NestedProjects) = preSolution
		{36610318-2E36-4BCA-B021-C4F359A20512} = {3FCE5B69-1EE5-48DE-89F1-064C6C88DBB1}
		{161FE41A-F231-4AD5-AFCE-C04F7578B6E0} = {3FCE5B69-1EE5-48DE-89F1-064C6C88DBB1}
		{3FCE5B69-1EE5-48DE-89F1-064C6C88DBB1} = {5C1AF5A9-A6A8-478A-AA47-FEECFFE9505E}
		{D6795BD1-CC61-40CD-A702-429745119B29} = {3FCE5B69-1EE5-48DE-89F1-064C6C88DBB1}
		{4EE088A2-4A50-4C23-B029-FD64833F3F94} = {3FCE5B69-1EE5-48DE-89F1-064C6C88DBB1}
	EndGlobalSection
	GlobalSection(ExtensibilityGlobals) = postSolution
		SolutionGuid = {8612F43F-77F1-478E-8EBF-D279A158FE98}
	EndGlobalSection
EndGlobal
